{
  "name": "com.evehome",
  "version": "1.0.0",
  "lockfileVersion": 3,
  "requires": true,
  "packages": {
    "": {
      "name": "com.evehome",
      "version": "1.0.0",
      "devDependencies": {
        "@types/homey": "npm:homey-apps-sdk-v3-types@^0.3.5"
      }
    },
    "node_modules/@types/homey": {
      "name": "homey-apps-sdk-v3-types",
      "version": "0.3.5",
      "resolved": "https://registry.npmjs.org/homey-apps-sdk-v3-types/-/homey-apps-sdk-v3-types-0.3.5.tgz",
      "integrity": "sha512-AH7UPiPILITBmjDSAnupLp2kaBO9GuAj5y0hk9tLC2mO0AuOQuRYnbXIxrHOG3kium8m99FnS3BUHg0aY/SNCg==",
      "dev": true,
      "dependencies": {
        "@types/node": "^14.14.20"
      }
    },
    "node_modules/@types/node": {
      "version": "14.18.63",
      "resolved": "https://registry.npmjs.org/@types/node/-/node-14.18.63.tgz",
      "integrity": "sha512-fAtCfv4jJg+ExtXhvCkCqUKZ+4ok/JQk01qDKhL5BDDoS3AxKXhV5/MAVUZyQnSEd2GT92fkgZl0pz0Q0AzcIQ==",
      "dev": true
    }
  }
}
